
Microsoft Visual Studio Solution File, Format Version 12.00
# Visual Studio 2012
Project("{FAE04EC0-301F-11D3-BF4B-00C04F79EFBC}") = "Robotic_Arm", "Robotic_Arm\Robotic_Arm.csproj", "{FFD65A59-0F9E-44F2-B004-6DACB03D4C02}"
	ProjectSection(ProjectDependencies) = postProject
		{B6468DD5-58C4-4950-B3F6-DAF30A384F55} = {B6468DD5-58C4-4950-B3F6-DAF30A384F55}
	EndProjectSection
EndProject
Project("{FAE04EC0-301F-11D3-BF4B-00C04F79EFBC}") = "Modbus", "Modbus\Modbus.csproj", "{B6468DD5-58C4-4950-B3F6-DAF30A384F55}"
EndProject
Global
	GlobalSection(SolutionConfigurationPlatforms) = preSolution
		Debug|Any CPU = Debug|Any CPU
		Release|Any CPU = Release|Any CPU
	EndGlobalSection
	GlobalSection(ProjectConfigurationPlatforms) = postSolution
		{FFD65A59-0F9E-44F2-B004-6DACB03D4C02}.Debug|Any CPU.ActiveCfg = Debug|Any CPU
		{FFD65A59-0F9E-44F2-B004-6DACB03D4C02}.Debug|Any CPU.Build.0 = Debug|Any CPU
		{FFD65A59-0F9E-44F2-B004-6DACB03D4C02}.Release|Any CPU.ActiveCfg = Release|Any CPU
		{FFD65A59-0F9E-44F2-B004-6DACB03D4C02}.Release|Any CPU.Build.0 = Release|Any CPU
		{B6468DD5-58C4-4950-B3F6-DAF30A384F55}.Debug|Any CPU.ActiveCfg = Debug|Any CPU
		{B6468DD5-58C4-4950-B3F6-DAF30A384F55}.Debug|Any CPU.Build.0 = Debug|Any CPU
		{B6468DD5-58C4-4950-B3F6-DAF30A384F55}.Release|Any CPU.ActiveCfg = Release|Any CPU
		{B6468DD5-58C4-4950-B3F6-DAF30A384F55}.Release|Any CPU.Build.0 = Release|Any CPU
	EndGlobalSection
	GlobalSection(SolutionProperties) = preSolution
		HideSolutionNode = FALSE
	EndGlobalSection
EndGlobal
